
Microsoft Visual Studio Solution File, Format Version 12.00
# Visual Studio Version 17
VisualStudioVersion = 17.9.34714.143
MinimumVisualStudioVersion = 10.0.40219.1
Project("{9A19103F-16F7-4668-BE54-9A1E7A4F7556}") = "Web", "Web\Web.csproj", "{C0D29065-DC62-4948-B8B8-691D5238C81E}"
EndProject
Project("{9A19103F-16F7-4668-BE54-9A1E7A4F7556}") = "Domain", "domain\Domain.csproj", "{9CE7F8F9-1C4B-4AF8-AF5A-7429B06F0E21}"
EndProject
Project("{FAE04EC0-301F-11D3-BF4B-00C04F79EFBC}") = "Infrastructure", "Infrastructure\Infrastructure.csproj", "{BF34BEC4-4D0F-4489-92FF-29135700EA43}"
EndProject
Project("{FAE04EC0-301F-11D3-BF4B-00C04F79EFBC}") = "Application", "Application\Application.csproj", "{01384B75-477B-4AE5-8C5F-898BB3BD7105}"
EndProject
Global
	GlobalSection(SolutionConfigurationPlatforms) = preSolution
		Debug|Any CPU = Debug|Any CPU
		Release|Any CPU = Release|Any CPU
	EndGlobalSection
	GlobalSection(ProjectConfigurationPlatforms) = postSolution
		{C0D29065-DC62-4948-B8B8-691D5238C81E}.Debug|Any CPU.ActiveCfg = Debug|Any CPU
		{C0D29065-DC62-4948-B8B8-691D5238C81E}.Debug|Any CPU.Build.0 = Debug|Any CPU
		{C0D29065-DC62-4948-B8B8-691D5238C81E}.Release|Any CPU.ActiveCfg = Release|Any CPU
		{C0D29065-DC62-4948-B8B8-691D5238C81E}.Release|Any CPU.Build.0 = Release|Any CPU
		{9CE7F8F9-1C4B-4AF8-AF5A-7429B06F0E21}.Debug|Any CPU.ActiveCfg = Debug|Any CPU
		{9CE7F8F9-1C4B-4AF8-AF5A-7429B06F0E21}.Debug|Any CPU.Build.0 = Debug|Any CPU
		{9CE7F8F9-1C4B-4AF8-AF5A-7429B06F0E21}.Release|Any CPU.ActiveCfg = Release|Any CPU
		{9CE7F8F9-1C4B-4AF8-AF5A-7429B06F0E21}.Release|Any CPU.Build.0 = Release|Any CPU
		{BF34BEC4-4D0F-4489-92FF-29135700EA43}.Debug|Any CPU.ActiveCfg = Debug|Any CPU
		{BF34BEC4-4D0F-4489-92FF-29135700EA43}.Debug|Any CPU.Build.0 = Debug|Any CPU
		{BF34BEC4-4D0F-4489-92FF-29135700EA43}.Release|Any CPU.ActiveCfg = Release|Any CPU
		{BF34BEC4-4D0F-4489-92FF-29135700EA43}.Release|Any CPU.Build.0 = Release|Any CPU
		{01384B75-477B-4AE5-8C5F-898BB3BD7105}.Debug|Any CPU.ActiveCfg = Debug|Any CPU
		{01384B75-477B-4AE5-8C5F-898BB3BD7105}.Debug|Any CPU.Build.0 = Debug|Any CPU
		{01384B75-477B-4AE5-8C5F-898BB3BD7105}.Release|Any CPU.ActiveCfg = Release|Any CPU
		{01384B75-477B-4AE5-8C5F-898BB3BD7105}.Release|Any CPU.Build.0 = Release|Any CPU
	EndGlobalSection
	GlobalSection(SolutionProperties) = preSolution
		HideSolutionNode = FALSE
	EndGlobalSection
	GlobalSection(ExtensibilityGlobals) = postSolution
		SolutionGuid = {DA43803B-E4DC-433F-AA2A-E5DBB6DB11E5}
	EndGlobalSection
EndGlobal
